// !$*UTF8*$!
{
	archiveVersion = 1;
	classes = {
	};
	objectVersion = 55;
	objects = {

/* Begin PBXBuildFile section */
		790F74E7274925390044A013 /* NoteView.swift in Sources */ = {isa = PBXBuildFile; fileRef = 790F74E6274925390044A013 /* NoteView.swift */; };
		790F74E8274925390044A013 /* NoteView.swift in Sources */ = {isa = PBXBuildFile; fileRef = 790F74E6274925390044A013 /* NoteView.swift */; };
		790F74EB2749265E0044A013 /* Tagged in Frameworks */ = {isa = PBXBuildFile; productRef = 790F74EA2749265E0044A013 /* Tagged */; };
		79213554272C08F900483096 /* Tests_iOS.swift in Sources */ = {isa = PBXBuildFile; fileRef = 79213553272C08F900483096 /* Tests_iOS.swift */; };
		79213556272C08F900483096 /* Tests_iOSLaunchTests.swift in Sources */ = {isa = PBXBuildFile; fileRef = 79213555272C08F900483096 /* Tests_iOSLaunchTests.swift */; };
		79213560272C08F900483096 /* Tests_macOS.swift in Sources */ = {isa = PBXBuildFile; fileRef = 7921355F272C08F900483096 /* Tests_macOS.swift */; };
		79213562272C08F900483096 /* Tests_macOSLaunchTests.swift in Sources */ = {isa = PBXBuildFile; fileRef = 79213561272C08F900483096 /* Tests_macOSLaunchTests.swift */; };
		79213563272C08F900483096 /* AllMyBaseApp.swift in Sources */ = {isa = PBXBuildFile; fileRef = 7921353B272C08F800483096 /* AllMyBaseApp.swift */; };
		79213564272C08F900483096 /* AllMyBaseApp.swift in Sources */ = {isa = PBXBuildFile; fileRef = 7921353B272C08F800483096 /* AllMyBaseApp.swift */; };
		79213565272C08F900483096 /* TimesheetView.swift in Sources */ = {isa = PBXBuildFile; fileRef = 7921353C272C08F800483096 /* TimesheetView.swift */; };
		79213566272C08F900483096 /* TimesheetView.swift in Sources */ = {isa = PBXBuildFile; fileRef = 7921353C272C08F800483096 /* TimesheetView.swift */; };
		79213567272C08F900483096 /* Assets.xcassets in Resources */ = {isa = PBXBuildFile; fileRef = 7921353D272C08F900483096 /* Assets.xcassets */; };
		79213568272C08F900483096 /* Assets.xcassets in Resources */ = {isa = PBXBuildFile; fileRef = 7921353D272C08F900483096 /* Assets.xcassets */; };
		79213579272C0CDC00483096 /* FirebaseFirestore in Frameworks */ = {isa = PBXBuildFile; productRef = 79213578272C0CDC00483096 /* FirebaseFirestore */; };
		7921357B272C0CDC00483096 /* FirebaseFirestoreCombine-Community in Frameworks */ = {isa = PBXBuildFile; productRef = 7921357A272C0CDC00483096 /* FirebaseFirestoreCombine-Community */; };
		7921357D272C0CDC00483096 /* FirebaseFirestoreSwift-Beta in Frameworks */ = {isa = PBXBuildFile; productRef = 7921357C272C0CDC00483096 /* FirebaseFirestoreSwift-Beta */; };
		7921357F272C0D4600483096 /* GoogleService-Info.plist in Resources */ = {isa = PBXBuildFile; fileRef = 7921357E272C0D4600483096 /* GoogleService-Info.plist */; };
		79213580272C0D4600483096 /* GoogleService-Info.plist in Resources */ = {isa = PBXBuildFile; fileRef = 7921357E272C0D4600483096 /* GoogleService-Info.plist */; };
		79213583272C0E3600483096 /* FirebaseFirestore in Frameworks */ = {isa = PBXBuildFile; productRef = 79213582272C0E3600483096 /* FirebaseFirestore */; };
		79213585272C0E3600483096 /* FirebaseFirestoreCombine-Community in Frameworks */ = {isa = PBXBuildFile; productRef = 79213584272C0E3600483096 /* FirebaseFirestoreCombine-Community */; };
		79213587272C0E3600483096 /* FirebaseFirestoreSwift-Beta in Frameworks */ = {isa = PBXBuildFile; productRef = 79213586272C0E3600483096 /* FirebaseFirestoreSwift-Beta */; };
		7921358F272C1CAC00483096 /* WorkItem.swift in Sources */ = {isa = PBXBuildFile; fileRef = 7921358E272C1CAC00483096 /* WorkItem.swift */; };
		79213590272C1CAC00483096 /* WorkItem.swift in Sources */ = {isa = PBXBuildFile; fileRef = 7921358E272C1CAC00483096 /* WorkItem.swift */; };
		79213593272C239200483096 /* Service in Frameworks */ = {isa = PBXBuildFile; productRef = 79213592272C239200483096 /* Service */; };
		79213595272C239F00483096 /* Service in Frameworks */ = {isa = PBXBuildFile; productRef = 79213594272C239F00483096 /* Service */; };
		79213598272C24D000483096 /* Foundation+SampleData.swift.swift in Sources */ = {isa = PBXBuildFile; fileRef = 79213597272C24D000483096 /* Foundation+SampleData.swift.swift */; };
		79213599272C24D000483096 /* Foundation+SampleData.swift.swift in Sources */ = {isa = PBXBuildFile; fileRef = 79213597272C24D000483096 /* Foundation+SampleData.swift.swift */; };
		7921359E272C25AF00483096 /* DocumentReference+Async.swift in Sources */ = {isa = PBXBuildFile; fileRef = 7921359C272C25AF00483096 /* DocumentReference+Async.swift */; };
		7921359F272C25AF00483096 /* DocumentReference+Async.swift in Sources */ = {isa = PBXBuildFile; fileRef = 7921359C272C25AF00483096 /* DocumentReference+Async.swift */; };
		792135A0272C25AF00483096 /* Query+Async.swift in Sources */ = {isa = PBXBuildFile; fileRef = 7921359D272C25AF00483096 /* Query+Async.swift */; };
		792135A1272C25AF00483096 /* Query+Async.swift in Sources */ = {isa = PBXBuildFile; fileRef = 7921359D272C25AF00483096 /* Query+Async.swift */; };
		792135AB272C25ED00483096 /* Throw.swift in Sources */ = {isa = PBXBuildFile; fileRef = 792135AA272C25ED00483096 /* Throw.swift */; };
		792135AC272C25ED00483096 /* Throw.swift in Sources */ = {isa = PBXBuildFile; fileRef = 792135AA272C25ED00483096 /* Throw.swift */; };
		792135B0272C263200483096 /* With.swift in Sources */ = {isa = PBXBuildFile; fileRef = 792135AE272C263200483096 /* With.swift */; };
		792135B1272C263200483096 /* With.swift in Sources */ = {isa = PBXBuildFile; fileRef = 792135AE272C263200483096 /* With.swift */; };
		792135B2272C263200483096 /* Absurd.swift in Sources */ = {isa = PBXBuildFile; fileRef = 792135AF272C263200483096 /* Absurd.swift */; };
		792135B3272C263200483096 /* Absurd.swift in Sources */ = {isa = PBXBuildFile; fileRef = 792135AF272C263200483096 /* Absurd.swift */; };
		792135B5272C266300483096 /* SimpleError.swift in Sources */ = {isa = PBXBuildFile; fileRef = 792135B4272C266300483096 /* SimpleError.swift */; };
		792135B6272C266300483096 /* SimpleError.swift in Sources */ = {isa = PBXBuildFile; fileRef = 792135B4272C266300483096 /* SimpleError.swift */; };
		792135BC272C2C9B00483096 /* AsyncThrowingSequence.swift in Sources */ = {isa = PBXBuildFile; fileRef = 792135BB272C2C9B00483096 /* AsyncThrowingSequence.swift */; };
		792135BD272C2C9B00483096 /* AsyncThrowingSequence.swift in Sources */ = {isa = PBXBuildFile; fileRef = 792135BB272C2C9B00483096 /* AsyncThrowingSequence.swift */; };
		792135C3272FEBD300483096 /* TaskButton.swift in Sources */ = {isa = PBXBuildFile; fileRef = 792135C2272FEBD300483096 /* TaskButton.swift */; };
		796F6EEA273D49FB0000B863 /* HomeKit.framework in Frameworks */ = {isa = PBXBuildFile; fileRef = 796F6EE9273D49FB0000B863 /* HomeKit.framework */; };
		796F6EED273D68B90000B863 /* ShortcutsView.swift in Sources */ = {isa = PBXBuildFile; fileRef = 796F6EEC273D68B90000B863 /* ShortcutsView.swift */; };
		796F6EEE273D68B90000B863 /* ShortcutsView.swift in Sources */ = {isa = PBXBuildFile; fileRef = 796F6EEC273D68B90000B863 /* ShortcutsView.swift */; };
		796F6EEF273D6A210000B863 /* TaskButton.swift in Sources */ = {isa = PBXBuildFile; fileRef = 792135C2272FEBD300483096 /* TaskButton.swift */; };
		796F6EF4273D817E0000B863 /* LifetimeTask.swift in Sources */ = {isa = PBXBuildFile; fileRef = 796F6EF3273D817E0000B863 /* LifetimeTask.swift */; };
		796F6EF5273D817E0000B863 /* LifetimeTask.swift in Sources */ = {isa = PBXBuildFile; fileRef = 796F6EF3273D817E0000B863 /* LifetimeTask.swift */; };
		796F6EF7273D81AA0000B863 /* Reference.swift in Sources */ = {isa = PBXBuildFile; fileRef = 796F6EF6273D81AA0000B863 /* Reference.swift */; };
		796F6EF8273D81AA0000B863 /* Reference.swift in Sources */ = {isa = PBXBuildFile; fileRef = 796F6EF6273D81AA0000B863 /* Reference.swift */; };
/* End PBXBuildFile section */

/* Begin PBXContainerItemProxy section */
		79213550272C08F900483096 /* PBXContainerItemProxy */ = {
			isa = PBXContainerItemProxy;
			containerPortal = 79213536272C08F800483096 /* Project object */;
			proxyType = 1;
			remoteGlobalIDString = 79213541272C08F900483096;
			remoteInfo = "AllMyBase (iOS)";
		};
		7921355C272C08F900483096 /* PBXContainerItemProxy */ = {
			isa = PBXContainerItemProxy;
			containerPortal = 79213536272C08F800483096 /* Project object */;
			proxyType = 1;
			remoteGlobalIDString = 79213547272C08F900483096;
			remoteInfo = "AllMyBase (macOS)";
		};
/* End PBXContainerItemProxy section */

/* Begin PBXFileReference section */
		790F74E6274925390044A013 /* NoteView.swift */ = {isa = PBXFileReference; lastKnownFileType = sourcecode.swift; path = NoteView.swift; sourceTree = "<group>"; };
		7921353B272C08F800483096 /* AllMyBaseApp.swift */ = {isa = PBXFileReference; lastKnownFileType = sourcecode.swift; path = AllMyBaseApp.swift; sourceTree = "<group>"; };
		7921353C272C08F800483096 /* TimesheetView.swift */ = {isa = PBXFileReference; lastKnownFileType = sourcecode.swift; path = TimesheetView.swift; sourceTree = "<group>"; };
		7921353D272C08F900483096 /* Assets.xcassets */ = {isa = PBXFileReference; lastKnownFileType = folder.assetcatalog; path = Assets.xcassets; sourceTree = "<group>"; };
		79213542272C08F900483096 /* AllMyBase.app */ = {isa = PBXFileReference; explicitFileType = wrapper.application; includeInIndex = 0; path = AllMyBase.app; sourceTree = BUILT_PRODUCTS_DIR; };
		79213548272C08F900483096 /* AllMyBase.app */ = {isa = PBXFileReference; explicitFileType = wrapper.application; includeInIndex = 0; path = AllMyBase.app; sourceTree = BUILT_PRODUCTS_DIR; };
		7921354A272C08F900483096 /* macOS.entitlements */ = {isa = PBXFileReference; lastKnownFileType = text.plist.entitlements; path = macOS.entitlements; sourceTree = "<group>"; };
		7921354F272C08F900483096 /* Tests iOS.xctest */ = {isa = PBXFileReference; explicitFileType = wrapper.cfbundle; includeInIndex = 0; path = "Tests iOS.xctest"; sourceTree = BUILT_PRODUCTS_DIR; };
		79213553272C08F900483096 /* Tests_iOS.swift */ = {isa = PBXFileReference; lastKnownFileType = sourcecode.swift; path = Tests_iOS.swift; sourceTree = "<group>"; };
		79213555272C08F900483096 /* Tests_iOSLaunchTests.swift */ = {isa = PBXFileReference; lastKnownFileType = sourcecode.swift; path = Tests_iOSLaunchTests.swift; sourceTree = "<group>"; };
		7921355B272C08F900483096 /* Tests macOS.xctest */ = {isa = PBXFileReference; explicitFileType = wrapper.cfbundle; includeInIndex = 0; path = "Tests macOS.xctest"; sourceTree = BUILT_PRODUCTS_DIR; };
		7921355F272C08F900483096 /* Tests_macOS.swift */ = {isa = PBXFileReference; lastKnownFileType = sourcecode.swift; path = Tests_macOS.swift; sourceTree = "<group>"; };
		79213561272C08F900483096 /* Tests_macOSLaunchTests.swift */ = {isa = PBXFileReference; lastKnownFileType = sourcecode.swift; path = Tests_macOSLaunchTests.swift; sourceTree = "<group>"; };
		7921357E272C0D4600483096 /* GoogleService-Info.plist */ = {isa = PBXFileReference; fileEncoding = 4; lastKnownFileType = text.plist.xml; path = "GoogleService-Info.plist"; sourceTree = "<group>"; };
		7921358E272C1CAC00483096 /* WorkItem.swift */ = {isa = PBXFileReference; lastKnownFileType = sourcecode.swift; path = WorkItem.swift; sourceTree = "<group>"; };
		79213597272C24D000483096 /* Foundation+SampleData.swift.swift */ = {isa = PBXFileReference; lastKnownFileType = sourcecode.swift; path = "Foundation+SampleData.swift.swift"; sourceTree = "<group>"; };
		7921359C272C25AF00483096 /* DocumentReference+Async.swift */ = {isa = PBXFileReference; fileEncoding = 4; lastKnownFileType = sourcecode.swift; path = "DocumentReference+Async.swift"; sourceTree = "<group>"; };
		7921359D272C25AF00483096 /* Query+Async.swift */ = {isa = PBXFileReference; fileEncoding = 4; lastKnownFileType = sourcecode.swift; path = "Query+Async.swift"; sourceTree = "<group>"; };
		792135AA272C25ED00483096 /* Throw.swift */ = {isa = PBXFileReference; fileEncoding = 4; lastKnownFileType = sourcecode.swift; path = Throw.swift; sourceTree = "<group>"; };
		792135AE272C263200483096 /* With.swift */ = {isa = PBXFileReference; fileEncoding = 4; lastKnownFileType = sourcecode.swift; path = With.swift; sourceTree = "<group>"; };
		792135AF272C263200483096 /* Absurd.swift */ = {isa = PBXFileReference; fileEncoding = 4; lastKnownFileType = sourcecode.swift; path = Absurd.swift; sourceTree = "<group>"; };
		792135B4272C266300483096 /* SimpleError.swift */ = {isa = PBXFileReference; fileEncoding = 4; lastKnownFileType = sourcecode.swift; path = SimpleError.swift; sourceTree = "<group>"; };
		792135BB272C2C9B00483096 /* AsyncThrowingSequence.swift */ = {isa = PBXFileReference; lastKnownFileType = sourcecode.swift; path = AsyncThrowingSequence.swift; sourceTree = "<group>"; };
		792135C2272FEBD300483096 /* TaskButton.swift */ = {isa = PBXFileReference; lastKnownFileType = sourcecode.swift; path = TaskButton.swift; sourceTree = "<group>"; };
		796F6EE8273D49FA0000B863 /* AllMyBase (iOS).entitlements */ = {isa = PBXFileReference; lastKnownFileType = text.plist.entitlements; path = "AllMyBase (iOS).entitlements"; sourceTree = "<group>"; };
		796F6EE9273D49FB0000B863 /* HomeKit.framework */ = {isa = PBXFileReference; lastKnownFileType = wrapper.framework; name = HomeKit.framework; path = Platforms/iPhoneOS.platform/Developer/SDKs/iPhoneOS15.0.sdk/System/Library/Frameworks/HomeKit.framework; sourceTree = DEVELOPER_DIR; };
		796F6EEC273D68B90000B863 /* ShortcutsView.swift */ = {isa = PBXFileReference; lastKnownFileType = sourcecode.swift; path = ShortcutsView.swift; sourceTree = "<group>"; };
		796F6EF3273D817E0000B863 /* LifetimeTask.swift */ = {isa = PBXFileReference; fileEncoding = 4; lastKnownFileType = sourcecode.swift; path = LifetimeTask.swift; sourceTree = "<group>"; };
		796F6EF6273D81AA0000B863 /* Reference.swift */ = {isa = PBXFileReference; fileEncoding = 4; lastKnownFileType = sourcecode.swift; path = Reference.swift; sourceTree = "<group>"; };
/* End PBXFileReference section */

/* Begin PBXFrameworksBuildPhase section */
		7921353F272C08F900483096 /* Frameworks */ = {
			isa = PBXFrameworksBuildPhase;
			buildActionMask = 2147483647;
			files = (
				790F74EB2749265E0044A013 /* Tagged in Frameworks */,
				79213593272C239200483096 /* Service in Frameworks */,
				796F6EEA273D49FB0000B863 /* HomeKit.framework in Frameworks */,
				7921357D272C0CDC00483096 /* FirebaseFirestoreSwift-Beta in Frameworks */,
				79213579272C0CDC00483096 /* FirebaseFirestore in Frameworks */,
				7921357B272C0CDC00483096 /* FirebaseFirestoreCombine-Community in Frameworks */,
			);
			runOnlyForDeploymentPostprocessing = 0;
		};
		79213545272C08F900483096 /* Frameworks */ = {
			isa = PBXFrameworksBuildPhase;
			buildActionMask = 2147483647;
			files = (
				79213595272C239F00483096 /* Service in Frameworks */,
				79213587272C0E3600483096 /* FirebaseFirestoreSwift-Beta in Frameworks */,
				79213583272C0E3600483096 /* FirebaseFirestore in Frameworks */,
				79213585272C0E3600483096 /* FirebaseFirestoreCombine-Community in Frameworks */,
			);
			runOnlyForDeploymentPostprocessing = 0;
		};
		7921354C272C08F900483096 /* Frameworks */ = {
			isa = PBXFrameworksBuildPhase;
			buildActionMask = 2147483647;
			files = (
			);
			runOnlyForDeploymentPostprocessing = 0;
		};
		79213558272C08F900483096 /* Frameworks */ = {
			isa = PBXFrameworksBuildPhase;
			buildActionMask = 2147483647;
			files = (
			);
			runOnlyForDeploymentPostprocessing = 0;
		};
/* End PBXFrameworksBuildPhase section */

/* Begin PBXGroup section */
		790F74E5274925170044A013 /* Notes */ = {
			isa = PBXGroup;
			children = (
				790F74E6274925390044A013 /* NoteView.swift */,
			);
			path = Notes;
			sourceTree = "<group>";
		};
		79213535272C08F800483096 = {
			isa = PBXGroup;
			children = (
				796F6EE8273D49FA0000B863 /* AllMyBase (iOS).entitlements */,
				7921357E272C0D4600483096 /* GoogleService-Info.plist */,
				7921353A272C08F800483096 /* Shared */,
				79213549272C08F900483096 /* macOS */,
				79213552272C08F900483096 /* Tests iOS */,
				7921355E272C08F900483096 /* Tests macOS */,
				79213543272C08F900483096 /* Products */,
				79213581272C0E3600483096 /* Frameworks */,
			);
			sourceTree = "<group>";
		};
		7921353A272C08F800483096 /* Shared */ = {
			isa = PBXGroup;
			children = (
				79213596272C24BB00483096 /* Helpers */,
				796F6EEB273D689E0000B863 /* Shortcuts */,
				7921358D272C1C9200483096 /* Timesheet */,
				790F74E5274925170044A013 /* Notes */,
				7921353B272C08F800483096 /* AllMyBaseApp.swift */,
				7921353D272C08F900483096 /* Assets.xcassets */,
			);
			path = Shared;
			sourceTree = "<group>";
		};
		79213543272C08F900483096 /* Products */ = {
			isa = PBXGroup;
			children = (
				79213542272C08F900483096 /* AllMyBase.app */,
				79213548272C08F900483096 /* AllMyBase.app */,
				7921354F272C08F900483096 /* Tests iOS.xctest */,
				7921355B272C08F900483096 /* Tests macOS.xctest */,
			);
			name = Products;
			sourceTree = "<group>";
		};
		79213549272C08F900483096 /* macOS */ = {
			isa = PBXGroup;
			children = (
				7921354A272C08F900483096 /* macOS.entitlements */,
			);
			path = macOS;
			sourceTree = "<group>";
		};
		79213552272C08F900483096 /* Tests iOS */ = {
			isa = PBXGroup;
			children = (
				79213553272C08F900483096 /* Tests_iOS.swift */,
				79213555272C08F900483096 /* Tests_iOSLaunchTests.swift */,
			);
			path = "Tests iOS";
			sourceTree = "<group>";
		};
		7921355E272C08F900483096 /* Tests macOS */ = {
			isa = PBXGroup;
			children = (
				7921355F272C08F900483096 /* Tests_macOS.swift */,
				79213561272C08F900483096 /* Tests_macOSLaunchTests.swift */,
			);
			path = "Tests macOS";
			sourceTree = "<group>";
		};
		79213581272C0E3600483096 /* Frameworks */ = {
			isa = PBXGroup;
			children = (
				796F6EE9273D49FB0000B863 /* HomeKit.framework */,
			);
			name = Frameworks;
			sourceTree = "<group>";
		};
		7921358D272C1C9200483096 /* Timesheet */ = {
			isa = PBXGroup;
			children = (
				7921353C272C08F800483096 /* TimesheetView.swift */,
				7921358E272C1CAC00483096 /* WorkItem.swift */,
			);
			path = Timesheet;
			sourceTree = "<group>";
		};
		79213596272C24BB00483096 /* Helpers */ = {
			isa = PBXGroup;
			children = (
				792135BA272C2C8D00483096 /* StdLib */,
				792135B4272C266300483096 /* SimpleError.swift */,
				792135AD272C263200483096 /* FP */,
				792135AA272C25ED00483096 /* Throw.swift */,
				792135A3272C25D000483096 /* SwiftUI */,
				7921359B272C258300483096 /* SampleData */,
				7921359A272C257D00483096 /* Firestore */,
			);
			path = Helpers;
			sourceTree = "<group>";
		};
		7921359A272C257D00483096 /* Firestore */ = {
			isa = PBXGroup;
			children = (
				7921359C272C25AF00483096 /* DocumentReference+Async.swift */,
				7921359D272C25AF00483096 /* Query+Async.swift */,
			);
			path = Firestore;
			sourceTree = "<group>";
		};
		7921359B272C258300483096 /* SampleData */ = {
			isa = PBXGroup;
			children = (
				79213597272C24D000483096 /* Foundation+SampleData.swift.swift */,
			);
			path = SampleData;
			sourceTree = "<group>";
		};
		792135A3272C25D000483096 /* SwiftUI */ = {
			isa = PBXGroup;
			children = (
				796F6EF3273D817E0000B863 /* LifetimeTask.swift */,
				792135C2272FEBD300483096 /* TaskButton.swift */,
			);
			path = SwiftUI;
			sourceTree = "<group>";
		};
		792135AD272C263200483096 /* FP */ = {
			isa = PBXGroup;
			children = (
				792135AE272C263200483096 /* With.swift */,
				792135AF272C263200483096 /* Absurd.swift */,
			);
			path = FP;
			sourceTree = "<group>";
		};
		792135BA272C2C8D00483096 /* StdLib */ = {
			isa = PBXGroup;
			children = (
				796F6EF6273D81AA0000B863 /* Reference.swift */,
				792135BB272C2C9B00483096 /* AsyncThrowingSequence.swift */,
			);
			path = StdLib;
			sourceTree = "<group>";
		};
		796F6EEB273D689E0000B863 /* Shortcuts */ = {
			isa = PBXGroup;
			children = (
				796F6EEC273D68B90000B863 /* ShortcutsView.swift */,
			);
			path = Shortcuts;
			sourceTree = "<group>";
		};
/* End PBXGroup section */

/* Begin PBXNativeTarget section */
		79213541272C08F900483096 /* AllMyBase (iOS) */ = {
			isa = PBXNativeTarget;
			buildConfigurationList = 7921356B272C08F900483096 /* Build configuration list for PBXNativeTarget "AllMyBase (iOS)" */;
			buildPhases = (
				7921353E272C08F900483096 /* Sources */,
				7921353F272C08F900483096 /* Frameworks */,
				79213540272C08F900483096 /* Resources */,
			);
			buildRules = (
			);
			dependencies = (
			);
			name = "AllMyBase (iOS)";
			packageProductDependencies = (
				79213578272C0CDC00483096 /* FirebaseFirestore */,
				7921357A272C0CDC00483096 /* FirebaseFirestoreCombine-Community */,
				7921357C272C0CDC00483096 /* FirebaseFirestoreSwift-Beta */,
				79213592272C239200483096 /* Service */,
				790F74EA2749265E0044A013 /* Tagged */,
			);
			productName = "AllMyBase (iOS)";
			productReference = 79213542272C08F900483096 /* AllMyBase.app */;
			productType = "com.apple.product-type.application";
		};
		79213547272C08F900483096 /* AllMyBase (macOS) */ = {
			isa = PBXNativeTarget;
			buildConfigurationList = 7921356E272C08F900483096 /* Build configuration list for PBXNativeTarget "AllMyBase (macOS)" */;
			buildPhases = (
				79213544272C08F900483096 /* Sources */,
				79213545272C08F900483096 /* Frameworks */,
				79213546272C08F900483096 /* Resources */,
			);
			buildRules = (
			);
			dependencies = (
			);
			name = "AllMyBase (macOS)";
			packageProductDependencies = (
				79213582272C0E3600483096 /* FirebaseFirestore */,
				79213584272C0E3600483096 /* FirebaseFirestoreCombine-Community */,
				79213586272C0E3600483096 /* FirebaseFirestoreSwift-Beta */,
				79213594272C239F00483096 /* Service */,
			);
			productName = "AllMyBase (macOS)";
			productReference = 79213548272C08F900483096 /* AllMyBase.app */;
			productType = "com.apple.product-type.application";
		};
		7921354E272C08F900483096 /* Tests iOS */ = {
			isa = PBXNativeTarget;
			buildConfigurationList = 79213571272C08F900483096 /* Build configuration list for PBXNativeTarget "Tests iOS" */;
			buildPhases = (
				7921354B272C08F900483096 /* Sources */,
				7921354C272C08F900483096 /* Frameworks */,
				7921354D272C08F900483096 /* Resources */,
			);
			buildRules = (
			);
			dependencies = (
				79213551272C08F900483096 /* PBXTargetDependency */,
			);
			name = "Tests iOS";
			productName = "Tests iOS";
			productReference = 7921354F272C08F900483096 /* Tests iOS.xctest */;
			productType = "com.apple.product-type.bundle.ui-testing";
		};
		7921355A272C08F900483096 /* Tests macOS */ = {
			isa = PBXNativeTarget;
			buildConfigurationList = 79213574272C08F900483096 /* Build configuration list for PBXNativeTarget "Tests macOS" */;
			buildPhases = (
				79213557272C08F900483096 /* Sources */,
				79213558272C08F900483096 /* Frameworks */,
				79213559272C08F900483096 /* Resources */,
			);
			buildRules = (
			);
			dependencies = (
				7921355D272C08F900483096 /* PBXTargetDependency */,
			);
			name = "Tests macOS";
			productName = "Tests macOS";
			productReference = 7921355B272C08F900483096 /* Tests macOS.xctest */;
			productType = "com.apple.product-type.bundle.ui-testing";
		};
/* End PBXNativeTarget section */

/* Begin PBXProject section */
		79213536272C08F800483096 /* Project object */ = {
			isa = PBXProject;
			attributes = {
				BuildIndependentTargetsInParallel = 1;
				LastSwiftUpdateCheck = 1310;
				LastUpgradeCheck = 1310;
				TargetAttributes = {
					79213541272C08F900483096 = {
						CreatedOnToolsVersion = 13.1;
					};
					79213547272C08F900483096 = {
						CreatedOnToolsVersion = 13.1;
					};
					7921354E272C08F900483096 = {
						CreatedOnToolsVersion = 13.1;
						TestTargetID = 79213541272C08F900483096;
					};
					7921355A272C08F900483096 = {
						CreatedOnToolsVersion = 13.1;
						TestTargetID = 79213547272C08F900483096;
					};
				};
			};
			buildConfigurationList = 79213539272C08F800483096 /* Build configuration list for PBXProject "AllMyBase" */;
			compatibilityVersion = "Xcode 13.0";
			developmentRegion = en;
			hasScannedForEncodings = 0;
			knownRegions = (
				en,
				Base,
			);
			mainGroup = 79213535272C08F800483096;
			packageReferences = (
				79213577272C0CDC00483096 /* XCRemoteSwiftPackageReference "firebase-ios-sdk" */,
				79213591272C239200483096 /* XCRemoteSwiftPackageReference "Service" */,
				790F74E92749265E0044A013 /* XCRemoteSwiftPackageReference "swift-tagged" */,
			);
			productRefGroup = 79213543272C08F900483096 /* Products */;
			projectDirPath = "";
			projectRoot = "";
			targets = (
				79213541272C08F900483096 /* AllMyBase (iOS) */,
				79213547272C08F900483096 /* AllMyBase (macOS) */,
				7921354E272C08F900483096 /* Tests iOS */,
				7921355A272C08F900483096 /* Tests macOS */,
			);
		};
/* End PBXProject section */

/* Begin PBXResourcesBuildPhase section */
		79213540272C08F900483096 /* Resources */ = {
			isa = PBXResourcesBuildPhase;
			buildActionMask = 2147483647;
			files = (
				7921357F272C0D4600483096 /* GoogleService-Info.plist in Resources */,
				79213567272C08F900483096 /* Assets.xcassets in Resources */,
			);
			runOnlyForDeploymentPostprocessing = 0;
		};
		79213546272C08F900483096 /* Resources */ = {
			isa = PBXResourcesBuildPhase;
			buildActionMask = 2147483647;
			files = (
				79213580272C0D4600483096 /* GoogleService-Info.plist in Resources */,
				79213568272C08F900483096 /* Assets.xcassets in Resources */,
			);
			runOnlyForDeploymentPostprocessing = 0;
		};
		7921354D272C08F900483096 /* Resources */ = {
			isa = PBXResourcesBuildPhase;
			buildActionMask = 2147483647;
			files = (
			);
			runOnlyForDeploymentPostprocessing = 0;
		};
		79213559272C08F900483096 /* Resources */ = {
			isa = PBXResourcesBuildPhase;
			buildActionMask = 2147483647;
			files = (
			);
			runOnlyForDeploymentPostprocessing = 0;
		};
/* End PBXResourcesBuildPhase section */

/* Begin PBXSourcesBuildPhase section */
		7921353E272C08F900483096 /* Sources */ = {
			isa = PBXSourcesBuildPhase;
			buildActionMask = 2147483647;
			files = (
				796F6EF7273D81AA0000B863 /* Reference.swift in Sources */,
				796F6EED273D68B90000B863 /* ShortcutsView.swift in Sources */,
				79213565272C08F900483096 /* TimesheetView.swift in Sources */,
				792135B5272C266300483096 /* SimpleError.swift in Sources */,
				79213563272C08F900483096 /* AllMyBaseApp.swift in Sources */,
				792135AB272C25ED00483096 /* Throw.swift in Sources */,
				796F6EF4273D817E0000B863 /* LifetimeTask.swift in Sources */,
				7921359E272C25AF00483096 /* DocumentReference+Async.swift in Sources */,
				792135B2272C263200483096 /* Absurd.swift in Sources */,
				792135C3272FEBD300483096 /* TaskButton.swift in Sources */,
				790F74E7274925390044A013 /* NoteView.swift in Sources */,
				792135B0272C263200483096 /* With.swift in Sources */,
				792135A0272C25AF00483096 /* Query+Async.swift in Sources */,
				7921358F272C1CAC00483096 /* WorkItem.swift in Sources */,
				79213598272C24D000483096 /* Foundation+SampleData.swift.swift in Sources */,
				792135BC272C2C9B00483096 /* AsyncThrowingSequence.swift in Sources */,
			);
			runOnlyForDeploymentPostprocessing = 0;
		};
		79213544272C08F900483096 /* Sources */ = {
			isa = PBXSourcesBuildPhase;
			buildActionMask = 2147483647;
			files = (
				796F6EF8273D81AA0000B863 /* Reference.swift in Sources */,
				79213566272C08F900483096 /* TimesheetView.swift in Sources */,
				792135B6272C266300483096 /* SimpleError.swift in Sources */,
				79213564272C08F900483096 /* AllMyBaseApp.swift in Sources */,
				792135AC272C25ED00483096 /* Throw.swift in Sources */,
				7921359F272C25AF00483096 /* DocumentReference+Async.swift in Sources */,
				796F6EF5273D817E0000B863 /* LifetimeTask.swift in Sources */,
				792135B3272C263200483096 /* Absurd.swift in Sources */,
				796F6EEF273D6A210000B863 /* TaskButton.swift in Sources */,
				792135B1272C263200483096 /* With.swift in Sources */,
				790F74E8274925390044A013 /* NoteView.swift in Sources */,
				792135A1272C25AF00483096 /* Query+Async.swift in Sources */,
				796F6EEE273D68B90000B863 /* ShortcutsView.swift in Sources */,
				79213590272C1CAC00483096 /* WorkItem.swift in Sources */,
				79213599272C24D000483096 /* Foundation+SampleData.swift.swift in Sources */,
				792135BD272C2C9B00483096 /* AsyncThrowingSequence.swift in Sources */,
			);
			runOnlyForDeploymentPostprocessing = 0;
		};
		7921354B272C08F900483096 /* Sources */ = {
			isa = PBXSourcesBuildPhase;
			buildActionMask = 2147483647;
			files = (
				79213556272C08F900483096 /* Tests_iOSLaunchTests.swift in Sources */,
				79213554272C08F900483096 /* Tests_iOS.swift in Sources */,
			);
			runOnlyForDeploymentPostprocessing = 0;
		};
		79213557272C08F900483096 /* Sources */ = {
			isa = PBXSourcesBuildPhase;
			buildActionMask = 2147483647;
			files = (
				79213562272C08F900483096 /* Tests_macOSLaunchTests.swift in Sources */,
				79213560272C08F900483096 /* Tests_macOS.swift in Sources */,
			);
			runOnlyForDeploymentPostprocessing = 0;
		};
/* End PBXSourcesBuildPhase section */

/* Begin PBXTargetDependency section */
		79213551272C08F900483096 /* PBXTargetDependency */ = {
			isa = PBXTargetDependency;
			target = 79213541272C08F900483096 /* AllMyBase (iOS) */;
			targetProxy = 79213550272C08F900483096 /* PBXContainerItemProxy */;
		};
		7921355D272C08F900483096 /* PBXTargetDependency */ = {
			isa = PBXTargetDependency;
			target = 79213547272C08F900483096 /* AllMyBase (macOS) */;
			targetProxy = 7921355C272C08F900483096 /* PBXContainerItemProxy */;
		};
/* End PBXTargetDependency section */

/* Begin XCBuildConfiguration section */
		79213569272C08F900483096 /* Debug */ = {
			isa = XCBuildConfiguration;
			buildSettings = {
				ALWAYS_SEARCH_USER_PATHS = NO;
				CLANG_ANALYZER_NONNULL = YES;
				CLANG_ANALYZER_NUMBER_OBJECT_CONVERSION = YES_AGGRESSIVE;
				CLANG_CXX_LANGUAGE_STANDARD = "gnu++17";
				CLANG_CXX_LIBRARY = "libc++";
				CLANG_ENABLE_MODULES = YES;
				CLANG_ENABLE_OBJC_ARC = YES;
				CLANG_ENABLE_OBJC_WEAK = YES;
				CLANG_WARN_BLOCK_CAPTURE_AUTORELEASING = YES;
				CLANG_WARN_BOOL_CONVERSION = YES;
				CLANG_WARN_COMMA = YES;
				CLANG_WARN_CONSTANT_CONVERSION = YES;
				CLANG_WARN_DEPRECATED_OBJC_IMPLEMENTATIONS = YES;
				CLANG_WARN_DIRECT_OBJC_ISA_USAGE = YES_ERROR;
				CLANG_WARN_DOCUMENTATION_COMMENTS = YES;
				CLANG_WARN_EMPTY_BODY = YES;
				CLANG_WARN_ENUM_CONVERSION = YES;
				CLANG_WARN_INFINITE_RECURSION = YES;
				CLANG_WARN_INT_CONVERSION = YES;
				CLANG_WARN_NON_LITERAL_NULL_CONVERSION = YES;
				CLANG_WARN_OBJC_IMPLICIT_RETAIN_SELF = YES;
				CLANG_WARN_OBJC_LITERAL_CONVERSION = YES;
				CLANG_WARN_OBJC_ROOT_CLASS = YES_ERROR;
				CLANG_WARN_QUOTED_INCLUDE_IN_FRAMEWORK_HEADER = YES;
				CLANG_WARN_RANGE_LOOP_ANALYSIS = YES;
				CLANG_WARN_STRICT_PROTOTYPES = YES;
				CLANG_WARN_SUSPICIOUS_MOVE = YES;
				CLANG_WARN_UNGUARDED_AVAILABILITY = YES_AGGRESSIVE;
				CLANG_WARN_UNREACHABLE_CODE = YES;
				CLANG_WARN__DUPLICATE_METHOD_MATCH = YES;
				COPY_PHASE_STRIP = NO;
				DEBUG_INFORMATION_FORMAT = dwarf;
				ENABLE_STRICT_OBJC_MSGSEND = YES;
				ENABLE_TESTABILITY = YES;
				GCC_C_LANGUAGE_STANDARD = gnu11;
				GCC_DYNAMIC_NO_PIC = NO;
				GCC_NO_COMMON_BLOCKS = YES;
				GCC_OPTIMIZATION_LEVEL = 0;
				GCC_PREPROCESSOR_DEFINITIONS = (
					"DEBUG=1",
					"$(inherited)",
				);
				GCC_WARN_64_TO_32_BIT_CONVERSION = YES;
				GCC_WARN_ABOUT_RETURN_TYPE = YES_ERROR;
				GCC_WARN_UNDECLARED_SELECTOR = YES;
				GCC_WARN_UNINITIALIZED_AUTOS = YES_AGGRESSIVE;
				GCC_WARN_UNUSED_FUNCTION = YES;
				GCC_WARN_UNUSED_VARIABLE = YES;
				MTL_ENABLE_DEBUG_INFO = INCLUDE_SOURCE;
				MTL_FAST_MATH = YES;
				ONLY_ACTIVE_ARCH = YES;
				SWIFT_ACTIVE_COMPILATION_CONDITIONS = DEBUG;
				SWIFT_OPTIMIZATION_LEVEL = "-Onone";
			};
			name = Debug;
		};
		7921356A272C08F900483096 /* Release */ = {
			isa = XCBuildConfiguration;
			buildSettings = {
				ALWAYS_SEARCH_USER_PATHS = NO;
				CLANG_ANALYZER_NONNULL = YES;
				CLANG_ANALYZER_NUMBER_OBJECT_CONVERSION = YES_AGGRESSIVE;
				CLANG_CXX_LANGUAGE_STANDARD = "gnu++17";
				CLANG_CXX_LIBRARY = "libc++";
				CLANG_ENABLE_MODULES = YES;
				CLANG_ENABLE_OBJC_ARC = YES;
				CLANG_ENABLE_OBJC_WEAK = YES;
				CLANG_WARN_BLOCK_CAPTURE_AUTORELEASING = YES;
				CLANG_WARN_BOOL_CONVERSION = YES;
				CLANG_WARN_COMMA = YES;
				CLANG_WARN_CONSTANT_CONVERSION = YES;
				CLANG_WARN_DEPRECATED_OBJC_IMPLEMENTATIONS = YES;
				CLANG_WARN_DIRECT_OBJC_ISA_USAGE = YES_ERROR;
				CLANG_WARN_DOCUMENTATION_COMMENTS = YES;
				CLANG_WARN_EMPTY_BODY = YES;
				CLANG_WARN_ENUM_CONVERSION = YES;
				CLANG_WARN_INFINITE_RECURSION = YES;
				CLANG_WARN_INT_CONVERSION = YES;
				CLANG_WARN_NON_LITERAL_NULL_CONVERSION = YES;
				CLANG_WARN_OBJC_IMPLICIT_RETAIN_SELF = YES;
				CLANG_WARN_OBJC_LITERAL_CONVERSION = YES;
				CLANG_WARN_OBJC_ROOT_CLASS = YES_ERROR;
				CLANG_WARN_QUOTED_INCLUDE_IN_FRAMEWORK_HEADER = YES;
				CLANG_WARN_RANGE_LOOP_ANALYSIS = YES;
				CLANG_WARN_STRICT_PROTOTYPES = YES;
				CLANG_WARN_SUSPICIOUS_MOVE = YES;
				CLANG_WARN_UNGUARDED_AVAILABILITY = YES_AGGRESSIVE;
				CLANG_WARN_UNREACHABLE_CODE = YES;
				CLANG_WARN__DUPLICATE_METHOD_MATCH = YES;
				COPY_PHASE_STRIP = NO;
				DEBUG_INFORMATION_FORMAT = "dwarf-with-dsym";
				ENABLE_NS_ASSERTIONS = NO;
				ENABLE_STRICT_OBJC_MSGSEND = YES;
				GCC_C_LANGUAGE_STANDARD = gnu11;
				GCC_NO_COMMON_BLOCKS = YES;
				GCC_WARN_64_TO_32_BIT_CONVERSION = YES;
				GCC_WARN_ABOUT_RETURN_TYPE = YES_ERROR;
				GCC_WARN_UNDECLARED_SELECTOR = YES;
				GCC_WARN_UNINITIALIZED_AUTOS = YES_AGGRESSIVE;
				GCC_WARN_UNUSED_FUNCTION = YES;
				GCC_WARN_UNUSED_VARIABLE = YES;
				MTL_ENABLE_DEBUG_INFO = NO;
				MTL_FAST_MATH = YES;
				SWIFT_COMPILATION_MODE = wholemodule;
				SWIFT_OPTIMIZATION_LEVEL = "-O";
			};
			name = Release;
		};
		7921356C272C08F900483096 /* Debug */ = {
			isa = XCBuildConfiguration;
			buildSettings = {
				ASSETCATALOG_COMPILER_APPICON_NAME = AppIcon;
				ASSETCATALOG_COMPILER_GLOBAL_ACCENT_COLOR_NAME = AccentColor;
				CODE_SIGN_ENTITLEMENTS = "AllMyBase (iOS).entitlements";
				CODE_SIGN_STYLE = Automatic;
				CURRENT_PROJECT_VERSION = 1;
				DEVELOPMENT_TEAM = 76EHURWG2W;
				ENABLE_PREVIEWS = YES;
				GENERATE_INFOPLIST_FILE = YES;
				INFOPLIST_KEY_UIApplicationSceneManifest_Generation = YES;
				INFOPLIST_KEY_UIApplicationSupportsIndirectInputEvents = YES;
				INFOPLIST_KEY_UILaunchScreen_Generation = YES;
				INFOPLIST_KEY_UISupportedInterfaceOrientations_iPad = "UIInterfaceOrientationPortrait UIInterfaceOrientationPortraitUpsideDown UIInterfaceOrientationLandscapeLeft UIInterfaceOrientationLandscapeRight";
				INFOPLIST_KEY_UISupportedInterfaceOrientations_iPhone = "UIInterfaceOrientationPortrait UIInterfaceOrientationLandscapeLeft UIInterfaceOrientationLandscapeRight";
				IPHONEOS_DEPLOYMENT_TARGET = 15.0;
				LD_RUNPATH_SEARCH_PATHS = (
					"$(inherited)",
					"@executable_path/Frameworks",
				);
				MARKETING_VERSION = 1.0;
				PRODUCT_BUNDLE_IDENTIFIER = cz.pteasima.AllMyBase;
				PRODUCT_NAME = AllMyBase;
				SDKROOT = iphoneos;
				SWIFT_EMIT_LOC_STRINGS = YES;
				SWIFT_VERSION = 5.0;
				TARGETED_DEVICE_FAMILY = "1,2";
			};
			name = Debug;
		};
		7921356D272C08F900483096 /* Release */ = {
			isa = XCBuildConfiguration;
			buildSettings = {
				ASSETCATALOG_COMPILER_APPICON_NAME = AppIcon;
				ASSETCATALOG_COMPILER_GLOBAL_ACCENT_COLOR_NAME = AccentColor;
				CODE_SIGN_ENTITLEMENTS = "AllMyBase (iOS).entitlements";
				CODE_SIGN_STYLE = Automatic;
				CURRENT_PROJECT_VERSION = 1;
				DEVELOPMENT_TEAM = 76EHURWG2W;
				ENABLE_PREVIEWS = YES;
				GENERATE_INFOPLIST_FILE = YES;
				INFOPLIST_KEY_UIApplicationSceneManifest_Generation = YES;
				INFOPLIST_KEY_UIApplicationSupportsIndirectInputEvents = YES;
				INFOPLIST_KEY_UILaunchScreen_Generation = YES;
				INFOPLIST_KEY_UISupportedInterfaceOrientations_iPad = "UIInterfaceOrientationPortrait UIInterfaceOrientationPortraitUpsideDown UIInterfaceOrientationLandscapeLeft UIInterfaceOrientationLandscapeRight";
				INFOPLIST_KEY_UISupportedInterfaceOrientations_iPhone = "UIInterfaceOrientationPortrait UIInterfaceOrientationLandscapeLeft UIInterfaceOrientationLandscapeRight";
				IPHONEOS_DEPLOYMENT_TARGET = 15.0;
				LD_RUNPATH_SEARCH_PATHS = (
					"$(inherited)",
					"@executable_path/Frameworks",
				);
				MARKETING_VERSION = 1.0;
				PRODUCT_BUNDLE_IDENTIFIER = cz.pteasima.AllMyBase;
				PRODUCT_NAME = AllMyBase;
				SDKROOT = iphoneos;
				SWIFT_EMIT_LOC_STRINGS = YES;
				SWIFT_VERSION = 5.0;
				TARGETED_DEVICE_FAMILY = "1,2";
				VALIDATE_PRODUCT = YES;
			};
			name = Release;
		};
		7921356F272C08F900483096 /* Debug */ = {
			isa = XCBuildConfiguration;
			buildSettings = {
				ASSETCATALOG_COMPILER_APPICON_NAME = AppIcon;
				ASSETCATALOG_COMPILER_GLOBAL_ACCENT_COLOR_NAME = AccentColor;
				CODE_SIGN_ENTITLEMENTS = macOS/macOS.entitlements;
				CODE_SIGN_STYLE = Automatic;
				COMBINE_HIDPI_IMAGES = YES;
				CURRENT_PROJECT_VERSION = 1;
				DEVELOPMENT_TEAM = 76EHURWG2W;
				ENABLE_HARDENED_RUNTIME = YES;
				ENABLE_PREVIEWS = YES;
				GENERATE_INFOPLIST_FILE = YES;
				INFOPLIST_KEY_NSHumanReadableCopyright = "";
				LD_RUNPATH_SEARCH_PATHS = (
					"$(inherited)",
					"@executable_path/../Frameworks",
				);
				MACOSX_DEPLOYMENT_TARGET = 12.0;
				MARKETING_VERSION = 1.0;
				PRODUCT_BUNDLE_IDENTIFIER = cz.pteasima.AllMyBase;
				PRODUCT_NAME = AllMyBase;
				SDKROOT = macosx;
				SWIFT_EMIT_LOC_STRINGS = YES;
				SWIFT_VERSION = 5.0;
			};
			name = Debug;
		};
		79213570272C08F900483096 /* Release */ = {
			isa = XCBuildConfiguration;
			buildSettings = {
				ASSETCATALOG_COMPILER_APPICON_NAME = AppIcon;
				ASSETCATALOG_COMPILER_GLOBAL_ACCENT_COLOR_NAME = AccentColor;
				CODE_SIGN_ENTITLEMENTS = macOS/macOS.entitlements;
				CODE_SIGN_STYLE = Automatic;
				COMBINE_HIDPI_IMAGES = YES;
				CURRENT_PROJECT_VERSION = 1;
				DEVELOPMENT_TEAM = 76EHURWG2W;
				ENABLE_HARDENED_RUNTIME = YES;
				ENABLE_PREVIEWS = YES;
				GENERATE_INFOPLIST_FILE = YES;
				INFOPLIST_KEY_NSHumanReadableCopyright = "";
				LD_RUNPATH_SEARCH_PATHS = (
					"$(inherited)",
					"@executable_path/../Frameworks",
				);
				MACOSX_DEPLOYMENT_TARGET = 12.0;
				MARKETING_VERSION = 1.0;
				PRODUCT_BUNDLE_IDENTIFIER = cz.pteasima.AllMyBase;
				PRODUCT_NAME = AllMyBase;
				SDKROOT = macosx;
				SWIFT_EMIT_LOC_STRINGS = YES;
				SWIFT_VERSION = 5.0;
			};
			name = Release;
		};
		79213572272C08F900483096 /* Debug */ = {
			isa = XCBuildConfiguration;
			buildSettings = {
				ALWAYS_EMBED_SWIFT_STANDARD_LIBRARIES = YES;
				CODE_SIGN_STYLE = Automatic;
				CURRENT_PROJECT_VERSION = 1;
				DEVELOPMENT_TEAM = 76EHURWG2W;
				GENERATE_INFOPLIST_FILE = YES;
				IPHONEOS_DEPLOYMENT_TARGET = 15.0;
				LD_RUNPATH_SEARCH_PATHS = (
					"$(inherited)",
					"@executable_path/Frameworks",
					"@loader_path/Frameworks",
				);
				MARKETING_VERSION = 1.0;
				PRODUCT_BUNDLE_IDENTIFIER = "cz.pteasima.Tests-iOS";
				PRODUCT_NAME = "$(TARGET_NAME)";
				SDKROOT = iphoneos;
				SWIFT_EMIT_LOC_STRINGS = NO;
				SWIFT_VERSION = 5.0;
				TARGETED_DEVICE_FAMILY = "1,2";
				TEST_TARGET_NAME = "AllMyBase (iOS)";
			};
			name = Debug;
		};
		79213573272C08F900483096 /* Release */ = {
			isa = XCBuildConfiguration;
			buildSettings = {
				ALWAYS_EMBED_SWIFT_STANDARD_LIBRARIES = YES;
				CODE_SIGN_STYLE = Automatic;
				CURRENT_PROJECT_VERSION = 1;
				DEVELOPMENT_TEAM = 76EHURWG2W;
				GENERATE_INFOPLIST_FILE = YES;
				IPHONEOS_DEPLOYMENT_TARGET = 15.0;
				LD_RUNPATH_SEARCH_PATHS = (
					"$(inherited)",
					"@executable_path/Frameworks",
					"@loader_path/Frameworks",
				);
				MARKETING_VERSION = 1.0;
				PRODUCT_BUNDLE_IDENTIFIER = "cz.pteasima.Tests-iOS";
				PRODUCT_NAME = "$(TARGET_NAME)";
				SDKROOT = iphoneos;
				SWIFT_EMIT_LOC_STRINGS = NO;
				SWIFT_VERSION = 5.0;
				TARGETED_DEVICE_FAMILY = "1,2";
				TEST_TARGET_NAME = "AllMyBase (iOS)";
				VALIDATE_PRODUCT = YES;
			};
			name = Release;
		};
		79213575272C08F900483096 /* Debug */ = {
			isa = XCBuildConfiguration;
			buildSettings = {
				ALWAYS_EMBED_SWIFT_STANDARD_LIBRARIES = YES;
				CODE_SIGN_STYLE = Automatic;
				COMBINE_HIDPI_IMAGES = YES;
				CURRENT_PROJECT_VERSION = 1;
				DEVELOPMENT_TEAM = 76EHURWG2W;
				GENERATE_INFOPLIST_FILE = YES;
				LD_RUNPATH_SEARCH_PATHS = (
					"$(inherited)",
					"@executable_path/../Frameworks",
					"@loader_path/../Frameworks",
				);
				MACOSX_DEPLOYMENT_TARGET = 12.0;
				MARKETING_VERSION = 1.0;
				PRODUCT_BUNDLE_IDENTIFIER = "cz.pteasima.Tests-macOS";
				PRODUCT_NAME = "$(TARGET_NAME)";
				SDKROOT = macosx;
				SWIFT_EMIT_LOC_STRINGS = NO;
				SWIFT_VERSION = 5.0;
				TEST_TARGET_NAME = "AllMyBase (macOS)";
			};
			name = Debug;
		};
		79213576272C08F900483096 /* Release */ = {
			isa = XCBuildConfiguration;
			buildSettings = {
				ALWAYS_EMBED_SWIFT_STANDARD_LIBRARIES = YES;
				CODE_SIGN_STYLE = Automatic;
				COMBINE_HIDPI_IMAGES = YES;
				CURRENT_PROJECT_VERSION = 1;
				DEVELOPMENT_TEAM = 76EHURWG2W;
				GENERATE_INFOPLIST_FILE = YES;
				LD_RUNPATH_SEARCH_PATHS = (
					"$(inherited)",
					"@executable_path/../Frameworks",
					"@loader_path/../Frameworks",
				);
				MACOSX_DEPLOYMENT_TARGET = 12.0;
				MARKETING_VERSION = 1.0;
				PRODUCT_BUNDLE_IDENTIFIER = "cz.pteasima.Tests-macOS";
				PRODUCT_NAME = "$(TARGET_NAME)";
				SDKROOT = macosx;
				SWIFT_EMIT_LOC_STRINGS = NO;
				SWIFT_VERSION = 5.0;
				TEST_TARGET_NAME = "AllMyBase (macOS)";
			};
			name = Release;
		};
/* End XCBuildConfiguration section */

/* Begin XCConfigurationList section */
		79213539272C08F800483096 /* Build configuration list for PBXProject "AllMyBase" */ = {
			isa = XCConfigurationList;
			buildConfigurations = (
				79213569272C08F900483096 /* Debug */,
				7921356A272C08F900483096 /* Release */,
			);
			defaultConfigurationIsVisible = 0;
			defaultConfigurationName = Release;
		};
		7921356B272C08F900483096 /* Build configuration list for PBXNativeTarget "AllMyBase (iOS)" */ = {
			isa = XCConfigurationList;
			buildConfigurations = (
				7921356C272C08F900483096 /* Debug */,
				7921356D272C08F900483096 /* Release */,
			);
			defaultConfigurationIsVisible = 0;
			defaultConfigurationName = Release;
		};
		7921356E272C08F900483096 /* Build configuration list for PBXNativeTarget "AllMyBase (macOS)" */ = {
			isa = XCConfigurationList;
			buildConfigurations = (
				7921356F272C08F900483096 /* Debug */,
				79213570272C08F900483096 /* Release */,
			);
			defaultConfigurationIsVisible = 0;
			defaultConfigurationName = Release;
		};
		79213571272C08F900483096 /* Build configuration list for PBXNativeTarget "Tests iOS" */ = {
			isa = XCConfigurationList;
			buildConfigurations = (
				79213572272C08F900483096 /* Debug */,
				79213573272C08F900483096 /* Release */,
			);
			defaultConfigurationIsVisible = 0;
			defaultConfigurationName = Release;
		};
		79213574272C08F900483096 /* Build configuration list for PBXNativeTarget "Tests macOS" */ = {
			isa = XCConfigurationList;
			buildConfigurations = (
				79213575272C08F900483096 /* Debug */,
				79213576272C08F900483096 /* Release */,
			);
			defaultConfigurationIsVisible = 0;
			defaultConfigurationName = Release;
		};
/* End XCConfigurationList section */

/* Begin XCRemoteSwiftPackageReference section */
		790F74E92749265E0044A013 /* XCRemoteSwiftPackageReference "swift-tagged" */ = {
			isa = XCRemoteSwiftPackageReference;
			repositoryURL = "https://github.com/pointfreeco/swift-tagged.git";
			requirement = {
				branch = main;
				kind = branch;
			};
		};
		79213577272C0CDC00483096 /* XCRemoteSwiftPackageReference "firebase-ios-sdk" */ = {
			isa = XCRemoteSwiftPackageReference;
			repositoryURL = "https://github.com/firebase/firebase-ios-sdk.git";
			requirement = {
				kind = upToNextMajorVersion;
				minimumVersion = 8.0.0;
			};
		};
		79213591272C239200483096 /* XCRemoteSwiftPackageReference "Service" */ = {
			isa = XCRemoteSwiftPackageReference;
			repositoryURL = "https://github.com/pteasima/Service.git";
			requirement = {
				branch = main;
				kind = branch;
			};
		};
/* End XCRemoteSwiftPackageReference section */

/* Begin XCSwiftPackageProductDependency section */
		790F74EA2749265E0044A013 /* Tagged */ = {
			isa = XCSwiftPackageProductDependency;
			package = 790F74E92749265E0044A013 /* XCRemoteSwiftPackageReference "swift-tagged" */;
			productName = Tagged;
		};
		79213578272C0CDC00483096 /* FirebaseFirestore */ = {
			isa = XCSwiftPackageProductDependency;
			package = 79213577272C0CDC00483096 /* XCRemoteSwiftPackageReference "firebase-ios-sdk" */;
			productName = FirebaseFirestore;
		};
		7921357A272C0CDC00483096 /* FirebaseFirestoreCombine-Community */ = {
			isa = XCSwiftPackageProductDependency;
			package = 79213577272C0CDC00483096 /* XCRemoteSwiftPackageReference "firebase-ios-sdk" */;
			productName = "FirebaseFirestoreCombine-Community";
		};
		7921357C272C0CDC00483096 /* FirebaseFirestoreSwift-Beta */ = {
			isa = XCSwiftPackageProductDependency;
			package = 79213577272C0CDC00483096 /* XCRemoteSwiftPackageReference "firebase-ios-sdk" */;
			productName = "FirebaseFirestoreSwift-Beta";
		};
		79213582272C0E3600483096 /* FirebaseFirestore */ = {
			isa = XCSwiftPackageProductDependency;
			package = 79213577272C0CDC00483096 /* XCRemoteSwiftPackageReference "firebase-ios-sdk" */;
			productName = FirebaseFirestore;
		};
		79213584272C0E3600483096 /* FirebaseFirestoreCombine-Community */ = {
			isa = XCSwiftPackageProductDependency;
			package = 79213577272C0CDC00483096 /* XCRemoteSwiftPackageReference "firebase-ios-sdk" */;
			productName = "FirebaseFirestoreCombine-Community";
		};
		79213586272C0E3600483096 /* FirebaseFirestoreSwift-Beta */ = {
			isa = XCSwiftPackageProductDependency;
			package = 79213577272C0CDC00483096 /* XCRemoteSwiftPackageReference "firebase-ios-sdk" */;
			productName = "FirebaseFirestoreSwift-Beta";
		};
		79213592272C239200483096 /* Service */ = {
			isa = XCSwiftPackageProductDependency;
			package = 79213591272C239200483096 /* XCRemoteSwiftPackageReference "Service" */;
			productName = Service;
		};
		79213594272C239F00483096 /* Service */ = {
			isa = XCSwiftPackageProductDependency;
			package = 79213591272C239200483096 /* XCRemoteSwiftPackageReference "Service" */;
			productName = Service;
		};
/* End XCSwiftPackageProductDependency section */
	};
	rootObject = 79213536272C08F800483096 /* Project object */;
}
